
Microsoft Visual Studio Solution File, Format Version 12.00
# Visual Studio 2012
Project("{8BC9CEB8-8B4A-11D0-8D11-00A0C91BC942}") = "Ct Working V1", "Ct Working V1\Ct Working V1.vcxproj", "{A40F9CC4-07CF-4B68-A9F9-BEBE1C7BE253}"
EndProject
Global
	GlobalSection(SolutionConfigurationPlatforms) = preSolution
		Debug|Win32 = Debug|Win32
		Release|Win32 = Release|Win32
	EndGlobalSection
	GlobalSection(ProjectConfigurationPlatforms) = postSolution
		{A40F9CC4-07CF-4B68-A9F9-BEBE1C7BE253}.Debug|Win32.ActiveCfg = Debug|Win32
		{A40F9CC4-07CF-4B68-A9F9-BEBE1C7BE253}.Debug|Win32.Build.0 = Debug|Win32
		{A40F9CC4-07CF-4B68-A9F9-BEBE1C7BE253}.Release|Win32.ActiveCfg = Release|Win32
		{A40F9CC4-07CF-4B68-A9F9-BEBE1C7BE253}.Release|Win32.Build.0 = Release|Win32
	EndGlobalSection
	GlobalSection(SolutionProperties) = preSolution
		HideSolutionNode = FALSE
	EndGlobalSection
EndGlobal
